{
    "_meta": {
        "hash": {
            "sha256": "25dcb68be7f3c2586b3a50caee8ff972211c5b2a222204ec96a838131b6ec872"
        },
        "pipfile-spec": 6,
        "requires": {
            "python_version": "3.11"
        },
        "sources": [
            {
                "name": "pypi",
                "url": "https://pypi.org/simple",
                "verify_ssl": true
            }
        ]
    },
    "default": {},
    "develop": {
        "attrs": {
            "hashes": [
                "sha256:935dc3b529c262f6cf76e50877d35a4bd3c1de194fd41f47a2b7ae8f19971f30",
                "sha256:99b87a485a5820b23b879f04c2305b44b951b502fd64be915879d77a7e8fc6f1"
            ],
            "markers": "python_version >= '3.7'",
            "version": "==23.2.0"
        },
        "execnet": {
            "hashes": [
                "sha256:26dee51f1b80cebd6d0ca8e74dd8745419761d3bef34163928cbebbdc4749fdc",
                "sha256:5189b52c6121c24feae288166ab41b32549c7e2348652736540b9e6e7d4e72e3"
            ],
            "markers": "python_version >= '3.8'",
            "version": "==2.1.1"
        },
        "iniconfig": {
            "hashes": [
                "sha256:2d91e135bf72d31a410b17c16da610a82cb55f6b0477d1a902134b24a455b8b3",
                "sha256:b6a85871a79d2e3b22d2d1b94ac2824226a63c6b741c88f7ae975f18b6778374"
            ],
            "markers": "python_version >= '3.7'",
            "version": "==2.0.0"
        },
        "packaging": {
            "hashes": [
                "sha256:2ddfb553fdf02fb784c234c7ba6ccc288296ceabec964ad2eae3777778130bc5",
                "sha256:eb82c5e3e56209074766e6885bb04b8c38a0c015d0a30036ebe7ece34c9989e9"
            ],
            "markers": "python_version >= '3.7'",
            "version": "==24.0"
        },
        "pluggy": {
            "hashes": [
                "sha256:7db9f7b503d67d1c5b95f59773ebb58a8c1c288129a88665838012cfb07b8981",
                "sha256:8c85c2876142a764e5b7548e7d9a0e0ddb46f5185161049a79b7e974454223be"
            ],
            "markers": "python_version >= '3.8'",
            "version": "==1.4.0"
        },
        "pytest": {
            "hashes": [
                "sha256:2a8386cfc11fa9d2c50ee7b2a57e7d898ef90470a7a34c4b949ff59662bb78b7",
                "sha256:ac978141a75948948817d360297b7aae0fcb9d6ff6bc9ec6d514b85d5a65c044"
            ],
            "index": "pypi",
            "markers": "python_version >= '3.8'",
            "version": "==8.1.1"
        },
        "pytest-cache": {
            "hashes": [
                "sha256:be7468edd4d3d83f1e844959fd6e3fd28e77a481440a7118d430130ea31b07a9"
            ],
            "index": "pypi",
            "version": "==1.0"
        },
        "pytest-subtests": {
            "hashes": [
                "sha256:100d9f7eb966fc98efba7026c802812ae327e8b5b37181fb260a2ea93226495c",
                "sha256:d6605dcb88647e0b7c1889d027f8ef1c17d7a2c60927ebfdc09c7b0d8120476d"
            ],
            "index": "pypi",
            "markers": "python_version >= '3.7'",
            "version": "==0.12.1"
        }
    }
}
